
Microsoft Visual Studio Solution File, Format Version 12.00
# Visual Studio 15
VisualStudioVersion = 15.0.28010.2041
MinimumVisualStudioVersion = 10.0.40219.1
Project("{FAE04EC0-301F-11D3-BF4B-00C04F79EFBC}") = "EcoRealTijolos", "EcoRealTijolos\EcoRealTijolos.csproj", "{B5281377-B403-47E5-963B-466D8D2018ED}"
EndProject
Global
	GlobalSection(SolutionConfigurationPlatforms) = preSolution
		Debug|Any CPU = Debug|Any CPU
		Release|Any CPU = Release|Any CPU
	EndGlobalSection
	GlobalSection(ProjectConfigurationPlatforms) = postSolution
		{B5281377-B403-47E5-963B-466D8D2018ED}.Debug|Any CPU.ActiveCfg = Debug|Any CPU
		{B5281377-B403-47E5-963B-466D8D2018ED}.Debug|Any CPU.Build.0 = Debug|Any CPU
		{B5281377-B403-47E5-963B-466D8D2018ED}.Release|Any CPU.ActiveCfg = Release|Any CPU
		{B5281377-B403-47E5-963B-466D8D2018ED}.Release|Any CPU.Build.0 = Release|Any CPU
	EndGlobalSection
	GlobalSection(SolutionProperties) = preSolution
		HideSolutionNode = FALSE
	EndGlobalSection
	GlobalSection(ExtensibilityGlobals) = postSolution
		SolutionGuid = {2218E726-CB4C-41EF-ADB3-92234B56C104}
	EndGlobalSection
EndGlobal
